
Microsoft Visual Studio Solution File, Format Version 12.00
# Visual Studio Version 16
VisualStudioVersion = 16.0.28803.352
MinimumVisualStudioVersion = 10.0.40219.1
Project("{FAE04EC0-301F-11D3-BF4B-00C04F79EFBC}") = "movie_backend", "movie_backend\movie_backend.csproj", "{2BA4F901-D5CC-4EEF-B245-23E040E92F05}"
EndProject
Global
	GlobalSection(SolutionConfigurationPlatforms) = preSolution
		Debug|Any CPU = Debug|Any CPU
		Release|Any CPU = Release|Any CPU
	EndGlobalSection
	GlobalSection(ProjectConfigurationPlatforms) = postSolution
		{2BA4F901-D5CC-4EEF-B245-23E040E92F05}.Debug|Any CPU.ActiveCfg = Debug|Any CPU
		{2BA4F901-D5CC-4EEF-B245-23E040E92F05}.Debug|Any CPU.Build.0 = Debug|Any CPU
		{2BA4F901-D5CC-4EEF-B245-23E040E92F05}.Release|Any CPU.ActiveCfg = Release|Any CPU
		{2BA4F901-D5CC-4EEF-B245-23E040E92F05}.Release|Any CPU.Build.0 = Release|Any CPU
	EndGlobalSection
	GlobalSection(SolutionProperties) = preSolution
		HideSolutionNode = FALSE
	EndGlobalSection
	GlobalSection(ExtensibilityGlobals) = postSolution
		SolutionGuid = {8063A2AD-7E59-46BD-A6AC-77F15EBC355A}
	EndGlobalSection
EndGlobal
